
Microsoft Visual Studio Solution File, Format Version 12.00
# Visual Studio Version 17
VisualStudioVersion = 17.14.36221.1
MinimumVisualStudioVersion = 10.0.40219.1
Project("{FAE04EC0-301F-11D3-BF4B-00C04F79EFBC}") = "cola", "cola\cola.csproj", "{E9527A69-1E74-40D4-BA37-A8192A79096E}"
EndProject
Project("{8BC9CEB8-8B4A-11D0-8D11-00A0C91BC942}") = "cola_client", "cola_client\cola_client.vcxproj", "{D85AC07D-E73A-45CF-B632-1B4D564EC6C6}"
EndProject
Global
	GlobalSection(SolutionConfigurationPlatforms) = preSolution
		Debug|Any CPU = Debug|Any CPU
		Debug|x64 = Debug|x64
		Debug|x86 = Debug|x86
		Release|Any CPU = Release|Any CPU
		Release|x64 = Release|x64
		Release|x86 = Release|x86
	EndGlobalSection
	GlobalSection(ProjectConfigurationPlatforms) = postSolution
		{E9527A69-1E74-40D4-BA37-A8192A79096E}.Debug|Any CPU.ActiveCfg = Debug|Any CPU
		{E9527A69-1E74-40D4-BA37-A8192A79096E}.Debug|Any CPU.Build.0 = Debug|Any CPU
		{E9527A69-1E74-40D4-BA37-A8192A79096E}.Debug|x64.ActiveCfg = Debug|Any CPU
		{E9527A69-1E74-40D4-BA37-A8192A79096E}.Debug|x64.Build.0 = Debug|Any CPU
		{E9527A69-1E74-40D4-BA37-A8192A79096E}.Debug|x86.ActiveCfg = Debug|Any CPU
		{E9527A69-1E74-40D4-BA37-A8192A79096E}.Debug|x86.Build.0 = Debug|Any CPU
		{E9527A69-1E74-40D4-BA37-A8192A79096E}.Release|Any CPU.ActiveCfg = Release|Any CPU
		{E9527A69-1E74-40D4-BA37-A8192A79096E}.Release|Any CPU.Build.0 = Release|Any CPU
		{E9527A69-1E74-40D4-BA37-A8192A79096E}.Release|x64.ActiveCfg = Release|Any CPU
		{E9527A69-1E74-40D4-BA37-A8192A79096E}.Release|x64.Build.0 = Release|Any CPU
		{E9527A69-1E74-40D4-BA37-A8192A79096E}.Release|x86.ActiveCfg = Release|Any CPU
		{E9527A69-1E74-40D4-BA37-A8192A79096E}.Release|x86.Build.0 = Release|Any CPU
		{D85AC07D-E73A-45CF-B632-1B4D564EC6C6}.Debug|Any CPU.ActiveCfg = Debug|x64
		{D85AC07D-E73A-45CF-B632-1B4D564EC6C6}.Debug|Any CPU.Build.0 = Debug|x64
		{D85AC07D-E73A-45CF-B632-1B4D564EC6C6}.Debug|x64.ActiveCfg = Debug|x64
		{D85AC07D-E73A-45CF-B632-1B4D564EC6C6}.Debug|x64.Build.0 = Debug|x64
		{D85AC07D-E73A-45CF-B632-1B4D564EC6C6}.Debug|x86.ActiveCfg = Debug|Win32
		{D85AC07D-E73A-45CF-B632-1B4D564EC6C6}.Debug|x86.Build.0 = Debug|Win32
		{D85AC07D-E73A-45CF-B632-1B4D564EC6C6}.Release|Any CPU.ActiveCfg = Release|x64
		{D85AC07D-E73A-45CF-B632-1B4D564EC6C6}.Release|Any CPU.Build.0 = Release|x64
		{D85AC07D-E73A-45CF-B632-1B4D564EC6C6}.Release|x64.ActiveCfg = Release|x64
		{D85AC07D-E73A-45CF-B632-1B4D564EC6C6}.Release|x64.Build.0 = Release|x64
		{D85AC07D-E73A-45CF-B632-1B4D564EC6C6}.Release|x86.ActiveCfg = Release|Win32
		{D85AC07D-E73A-45CF-B632-1B4D564EC6C6}.Release|x86.Build.0 = Release|Win32
	EndGlobalSection
	GlobalSection(SolutionProperties) = preSolution
		HideSolutionNode = FALSE
	EndGlobalSection
	GlobalSection(ExtensibilityGlobals) = postSolution
		SolutionGuid = {AF65F3EB-B708-41CF-B1FE-76AD1148D49B}
	EndGlobalSection
EndGlobal
